
Microsoft Visual Studio Solution File, Format Version 12.00
# Visual Studio Version 16
VisualStudioVersion = 16.0.33027.164
MinimumVisualStudioVersion = 10.0.40219.1
Project("{FAE04EC0-301F-11D3-BF4B-00C04F79EFBC}") = "lab1ex1", "lab1ex1\lab1ex1.csproj", "{54D43AF0-305F-4E54-99FD-C71452DF10B0}"
EndProject
Global
	GlobalSection(SolutionConfigurationPlatforms) = preSolution
		Debug|Any CPU = Debug|Any CPU
		Release|Any CPU = Release|Any CPU
	EndGlobalSection
	GlobalSection(ProjectConfigurationPlatforms) = postSolution
		{54D43AF0-305F-4E54-99FD-C71452DF10B0}.Debug|Any CPU.ActiveCfg = Debug|Any CPU
		{54D43AF0-305F-4E54-99FD-C71452DF10B0}.Debug|Any CPU.Build.0 = Debug|Any CPU
		{54D43AF0-305F-4E54-99FD-C71452DF10B0}.Release|Any CPU.ActiveCfg = Release|Any CPU
		{54D43AF0-305F-4E54-99FD-C71452DF10B0}.Release|Any CPU.Build.0 = Release|Any CPU
	EndGlobalSection
	GlobalSection(SolutionProperties) = preSolution
		HideSolutionNode = FALSE
	EndGlobalSection
	GlobalSection(ExtensibilityGlobals) = postSolution
		SolutionGuid = {95BC54A5-711C-44A2-979A-C50E8B340311}
	EndGlobalSection
EndGlobal
